PODS:
  - AppCompatPod (0.0.1):
    - CocoaLumberjack
    - MBProgressHUD (~> 1.2.0)
  - CocoaLumberjack (3.6.1):
    - CocoaLumberjack/Core (= 3.6.1)
  - CocoaLumberjack/Core (3.6.1)
  - MBProgressHUD (1.2.0)

DEPENDENCIES:
  - AppCompatPod (from `../`)

SPEC REPOS:
  trunk:
    - CocoaLumberjack
    - MBProgressHUD

EXTERNAL SOURCES:
  AppCompatPod:
    :path: "../"

SPEC CHECKSUMS:
  AppCompatPod: 319a3add72ceb6f4b90247b553ae7e751d1106b2
  CocoaLumberjack: b17ae15142558d08bbacf69775fa10c4abbebcc9
  MBProgressHUD: 3ee5efcc380f6a79a7cc9b363dd669c5e1ae7406

PODFILE CHECKSUM: 9cfa1f3717c24a58911fba6109090cb6896339b8

COCOAPODS: 1.9.3
