PODS:
  - AppCompatPod (1.0.4):
    - MBProgressHUD (~> 1.2.0)
  - MBProgressHUD (1.2.0)

DEPENDENCIES:
  - AppCompatPod (from `../`)

SPEC REPOS:
  trunk:
    - MBProgressHUD

EXTERNAL SOURCES:
  AppCompatPod:
    :path: "../"

SPEC CHECKSUMS:
  AppCompatPod: bb823ea095e1aa5cb40c391eaa897b5147a7af4b
  MBProgressHUD: 3ee5efcc380f6a79a7cc9b363dd669c5e1ae7406

PODFILE CHECKSUM: 9cfa1f3717c24a58911fba6109090cb6896339b8

COCOAPODS: 1.10.0
